
Microsoft Visual Studio Solution File, Format Version 12.00
# Visual Studio Version 17
VisualStudioVersion = 17.9.34728.123
MinimumVisualStudioVersion = 10.0.40219.1
Project("{FAE04EC0-301F-11D3-BF4B-00C04F79EFBC}") = "project1", "project1.csproj", "{413E55AF-8586-4E45-9912-B434D27B9752}"
EndProject
Global
	GlobalSection(SolutionConfigurationPlatforms) = preSolution
		Debug|Any CPU = Debug|Any CPU
		Release|Any CPU = Release|Any CPU
	EndGlobalSection
	GlobalSection(ProjectConfigurationPlatforms) = postSolution
		{413E55AF-8586-4E45-9912-B434D27B9752}.Debug|Any CPU.ActiveCfg = Debug|Any CPU
		{413E55AF-8586-4E45-9912-B434D27B9752}.Debug|Any CPU.Build.0 = Debug|Any CPU
		{413E55AF-8586-4E45-9912-B434D27B9752}.Release|Any CPU.ActiveCfg = Release|Any CPU
		{413E55AF-8586-4E45-9912-B434D27B9752}.Release|Any CPU.Build.0 = Release|Any CPU
	EndGlobalSection
	GlobalSection(SolutionProperties) = preSolution
		HideSolutionNode = FALSE
	EndGlobalSection
	GlobalSection(ExtensibilityGlobals) = postSolution
		SolutionGuid = {68EAA0BB-2AA3-450F-831E-9A72F432990A}
	EndGlobalSection
EndGlobal
